
Microsoft Visual Studio Solution File, Format Version 12.00
# Visual Studio Version 17
VisualStudioVersion = 17.13.35825.156 d17.13
MinimumVisualStudioVersion = 10.0.40219.1
Project("{FAE04EC0-301F-11D3-BF4B-00C04F79EFBC}") = "RepositoryPatternWithUOW", "repositoryPattern with unity of work\RepositoryPatternWithUOW.csproj", "{DFAD3749-A42C-4288-AC9F-03E6AC01BA3C}"
EndProject
Project("{FAE04EC0-301F-11D3-BF4B-00C04F79EFBC}") = "RepositoryPattern.Core", "repository pattern.Core\RepositoryPattern.Core.csproj", "{25F24A91-E8E5-44CE-A707-91067D08F11C}"
EndProject
Project("{FAE04EC0-301F-11D3-BF4B-00C04F79EFBC}") = "RepositoryPattern.EF", "repository pattern .EF\RepositoryPattern.EF.csproj", "{7F075B94-44C9-47D9-B2BC-32BF0E715699}"
EndProject
Global
	GlobalSection(SolutionConfigurationPlatforms) = preSolution
		Debug|Any CPU = Debug|Any CPU
		Release|Any CPU = Release|Any CPU
	EndGlobalSection
	GlobalSection(ProjectConfigurationPlatforms) = postSolution
		{DFAD3749-A42C-4288-AC9F-03E6AC01BA3C}.Debug|Any CPU.ActiveCfg = Debug|Any CPU
		{DFAD3749-A42C-4288-AC9F-03E6AC01BA3C}.Debug|Any CPU.Build.0 = Debug|Any CPU
		{DFAD3749-A42C-4288-AC9F-03E6AC01BA3C}.Release|Any CPU.ActiveCfg = Release|Any CPU
		{DFAD3749-A42C-4288-AC9F-03E6AC01BA3C}.Release|Any CPU.Build.0 = Release|Any CPU
		{25F24A91-E8E5-44CE-A707-91067D08F11C}.Debug|Any CPU.ActiveCfg = Debug|Any CPU
		{25F24A91-E8E5-44CE-A707-91067D08F11C}.Debug|Any CPU.Build.0 = Debug|Any CPU
		{25F24A91-E8E5-44CE-A707-91067D08F11C}.Release|Any CPU.ActiveCfg = Release|Any CPU
		{25F24A91-E8E5-44CE-A707-91067D08F11C}.Release|Any CPU.Build.0 = Release|Any CPU
		{7F075B94-44C9-47D9-B2BC-32BF0E715699}.Debug|Any CPU.ActiveCfg = Debug|Any CPU
		{7F075B94-44C9-47D9-B2BC-32BF0E715699}.Debug|Any CPU.Build.0 = Debug|Any CPU
		{7F075B94-44C9-47D9-B2BC-32BF0E715699}.Release|Any CPU.ActiveCfg = Release|Any CPU
		{7F075B94-44C9-47D9-B2BC-32BF0E715699}.Release|Any CPU.Build.0 = Release|Any CPU
	EndGlobalSection
	GlobalSection(SolutionProperties) = preSolution
		HideSolutionNode = FALSE
	EndGlobalSection
	GlobalSection(ExtensibilityGlobals) = postSolution
		SolutionGuid = {0A1B0FC6-90BE-47D6-8C5B-23C5D148DF0A}
	EndGlobalSection
EndGlobal
